// !$*UTF8*$!
{
	archiveVersion = 1;
	classes = {
	};
	objectVersion = 50;
	objects = {

/* Begin PBXBuildFile section */
		D36D972B268B59BD007AB80A /* AppDelegate.swift in Sources */ = {isa = PBXBuildFile; fileRef = D36D972A268B59BD007AB80A /* AppDelegate.swift */; };
		D36D972D268B59BD007AB80A /* SceneDelegate.swift in Sources */ = {isa = PBXBuildFile; fileRef = D36D972C268B59BD007AB80A /* SceneDelegate.swift */; };
		D36D972F268B59BD007AB80A /* ViewController.swift in Sources */ = {isa = PBXBuildFile; fileRef = D36D972E268B59BD007AB80A /* ViewController.swift */; };
		D36D9732268B59BD007AB80A /* Main.storyboard in Resources */ = {isa = PBXBuildFile; fileRef = D36D9730268B59BD007AB80A /* Main.storyboard */; };
		D36D9735268B59BD007AB80A /* MaddlynGitHubPractice.xcdatamodeld in Sources */ = {isa = PBXBuildFile; fileRef = D36D9733268B59BD007AB80A /* MaddlynGitHubPractice.xcdatamodeld */; };
		D36D9737268B59CF007AB80A /* Assets.xcassets in Resources */ = {isa = PBXBuildFile; fileRef = D36D9736268B59CF007AB80A /* Assets.xcassets */; };
		D36D973A268B59CF007AB80A /* LaunchScreen.storyboard in Resources */ = {isa = PBXBuildFile; fileRef = D36D9738268B59CF007AB80A /* LaunchScreen.storyboard */; };
		D36D9745268B59CF007AB80A /* MaddlynGitHubPracticeTests.swift in Sources */ = {isa = PBXBuildFile; fileRef = D36D9744268B59CF007AB80A /* MaddlynGitHubPracticeTests.swift */; };
		D36D9750268B59CF007AB80A /* MaddlynGitHubPracticeUITests.swift in Sources */ = {isa = PBXBuildFile; fileRef = D36D974F268B59CF007AB80A /* MaddlynGitHubPracticeUITests.swift */; };
/* End PBXBuildFile section */

/* Begin PBXContainerItemProxy section */
		D36D9741268B59CF007AB80A /* PBXContainerItemProxy */ = {
			isa = PBXContainerItemProxy;
			containerPortal = D36D971F268B59BD007AB80A /* Project object */;
			proxyType = 1;
			remoteGlobalIDString = D36D9726268B59BD007AB80A;
			remoteInfo = MaddlynGitHubPractice;
		};
		D36D974C268B59CF007AB80A /* PBXContainerItemProxy */ = {
			isa = PBXContainerItemProxy;
			containerPortal = D36D971F268B59BD007AB80A /* Project object */;
			proxyType = 1;
			remoteGlobalIDString = D36D9726268B59BD007AB80A;
			remoteInfo = MaddlynGitHubPractice;
		};
/* End PBXContainerItemProxy section */

/* Begin PBXFileReference section */
		D36D9727268B59BD007AB80A /* MaddlynGitHubPractice.app */ = {isa = PBXFileReference; explicitFileType = wrapper.application; includeInIndex = 0; path = MaddlynGitHubPractice.app; sourceTree = BUILT_PRODUCTS_DIR; };
		D36D972A268B59BD007AB80A /* AppDelegate.swift */ = {isa = PBXFileReference; lastKnownFileType = sourcecode.swift; path = AppDelegate.swift; sourceTree = "<group>"; };
		D36D972C268B59BD007AB80A /* SceneDelegate.swift */ = {isa = PBXFileReference; lastKnownFileType = sourcecode.swift; path = SceneDelegate.swift; sourceTree = "<group>"; };
		D36D972E268B59BD007AB80A /* ViewController.swift */ = {isa = PBXFileReference; lastKnownFileType = sourcecode.swift; path = ViewController.swift; sourceTree = "<group>"; };
		D36D9731268B59BD007AB80A /* Base */ = {isa = PBXFileReference; lastKnownFileType = file.storyboard; name = Base; path = Base.lproj/Main.storyboard; sourceTree = "<group>"; };
		D36D9734268B59BD007AB80A /* MaddlynGitHubPractice.xcdatamodel */ = {isa = PBXFileReference; lastKnownFileType = wrapper.xcdatamodel; path = MaddlynGitHubPractice.xcdatamodel; sourceTree = "<group>"; };
		D36D9736268B59CF007AB80A /* Assets.xcassets */ = {isa = PBXFileReference; lastKnownFileType = folder.assetcatalog; path = Assets.xcassets; sourceTree = "<group>"; };
		D36D9739268B59CF007AB80A /* Base */ = {isa = PBXFileReference; lastKnownFileType = file.storyboard; name = Base; path = Base.lproj/LaunchScreen.storyboard; sourceTree = "<group>"; };
		D36D973B268B59CF007AB80A /* Info.plist */ = {isa = PBXFileReference; lastKnownFileType = text.plist.xml; path = Info.plist; sourceTree = "<group>"; };
		D36D9740268B59CF007AB80A /* MaddlynGitHubPracticeTests.xctest */ = {isa = PBXFileReference; explicitFileType = wrapper.cfbundle; includeInIndex = 0; path = MaddlynGitHubPracticeTests.xctest; sourceTree = BUILT_PRODUCTS_DIR; };
		D36D9744268B59CF007AB80A /* MaddlynGitHubPracticeTests.swift */ = {isa = PBXFileReference; lastKnownFileType = sourcecode.swift; path = MaddlynGitHubPracticeTests.swift; sourceTree = "<group>"; };
		D36D9746268B59CF007AB80A /* Info.plist */ = {isa = PBXFileReference; lastKnownFileType = text.plist.xml; path = Info.plist; sourceTree = "<group>"; };
		D36D974B268B59CF007AB80A /* MaddlynGitHubPracticeUITests.xctest */ = {isa = PBXFileReference; explicitFileType = wrapper.cfbundle; includeInIndex = 0; path = MaddlynGitHubPracticeUITests.xctest; sourceTree = BUILT_PRODUCTS_DIR; };
		D36D974F268B59CF007AB80A /* MaddlynGitHubPracticeUITests.swift */ = {isa = PBXFileReference; lastKnownFileType = sourcecode.swift; path = MaddlynGitHubPracticeUITests.swift; sourceTree = "<group>"; };
		D36D9751268B59CF007AB80A /* Info.plist */ = {isa = PBXFileReference; lastKnownFileType = text.plist.xml; path = Info.plist; sourceTree = "<group>"; };
/* End PBXFileReference section */

/* Begin PBXFrameworksBuildPhase section */
		D36D9724268B59BD007AB80A /* Frameworks */ = {
			isa = PBXFrameworksBuildPhase;
			buildActionMask = 2147483647;
			files = (
			);
			runOnlyForDeploymentPostprocessing = 0;
		};
		D36D973D268B59CF007AB80A /* Frameworks */ = {
			isa = PBXFrameworksBuildPhase;
			buildActionMask = 2147483647;
			files = (
			);
			runOnlyForDeploymentPostprocessing = 0;
		};
		D36D9748268B59CF007AB80A /* Frameworks */ = {
			isa = PBXFrameworksBuildPhase;
			buildActionMask = 2147483647;
			files = (
			);
			runOnlyForDeploymentPostprocessing = 0;
		};
/* End PBXFrameworksBuildPhase section */

/* Begin PBXGroup section */
		D36D971E268B59BD007AB80A = {
			isa = PBXGroup;
			children = (
				D36D9729268B59BD007AB80A /* MaddlynGitHubPractice */,
				D36D9743268B59CF007AB80A /* MaddlynGitHubPracticeTests */,
				D36D974E268B59CF007AB80A /* MaddlynGitHubPracticeUITests */,
				D36D9728268B59BD007AB80A /* Products */,
			);
			sourceTree = "<group>";
		};
		D36D9728268B59BD007AB80A /* Products */ = {
			isa = PBXGroup;
			children = (
				D36D9727268B59BD007AB80A /* MaddlynGitHubPractice.app */,
				D36D9740268B59CF007AB80A /* MaddlynGitHubPracticeTests.xctest */,
				D36D974B268B59CF007AB80A /* MaddlynGitHubPracticeUITests.xctest */,
			);
			name = Products;
			sourceTree = "<group>";
		};
		D36D9729268B59BD007AB80A /* MaddlynGitHubPractice */ = {
			isa = PBXGroup;
			children = (
				D36D972A268B59BD007AB80A /* AppDelegate.swift */,
				D36D972C268B59BD007AB80A /* SceneDelegate.swift */,
				D36D972E268B59BD007AB80A /* ViewController.swift */,
				D36D9730268B59BD007AB80A /* Main.storyboard */,
				D36D9736268B59CF007AB80A /* Assets.xcassets */,
				D36D9738268B59CF007AB80A /* LaunchScreen.storyboard */,
				D36D973B268B59CF007AB80A /* Info.plist */,
				D36D9733268B59BD007AB80A /* MaddlynGitHubPractice.xcdatamodeld */,
			);
			path = MaddlynGitHubPractice;
			sourceTree = "<group>";
		};
		D36D9743268B59CF007AB80A /* MaddlynGitHubPracticeTests */ = {
			isa = PBXGroup;
			children = (
				D36D9744268B59CF007AB80A /* MaddlynGitHubPracticeTests.swift */,
				D36D9746268B59CF007AB80A /* Info.plist */,
			);
			path = MaddlynGitHubPracticeTests;
			sourceTree = "<group>";
		};
		D36D974E268B59CF007AB80A /* MaddlynGitHubPracticeUITests */ = {
			isa = PBXGroup;
			children = (
				D36D974F268B59CF007AB80A /* MaddlynGitHubPracticeUITests.swift */,
				D36D9751268B59CF007AB80A /* Info.plist */,
			);
			path = MaddlynGitHubPracticeUITests;
			sourceTree = "<group>";
		};
/* End PBXGroup section */

/* Begin PBXNativeTarget section */
		D36D9726268B59BD007AB80A /* MaddlynGitHubPractice */ = {
			isa = PBXNativeTarget;
			buildConfigurationList = D36D9754268B59CF007AB80A /* Build configuration list for PBXNativeTarget "MaddlynGitHubPractice" */;
			buildPhases = (
				D36D9723268B59BD007AB80A /* Sources */,
				D36D9724268B59BD007AB80A /* Frameworks */,
				D36D9725268B59BD007AB80A /* Resources */,
			);
			buildRules = (
			);
			dependencies = (
			);
			name = MaddlynGitHubPractice;
			productName = MaddlynGitHubPractice;
			productReference = D36D9727268B59BD007AB80A /* MaddlynGitHubPractice.app */;
			productType = "com.apple.product-type.application";
		};
		D36D973F268B59CF007AB80A /* MaddlynGitHubPracticeTests */ = {
			isa = PBXNativeTarget;
			buildConfigurationList = D36D9757268B59CF007AB80A /* Build configuration list for PBXNativeTarget "MaddlynGitHubPracticeTests" */;
			buildPhases = (
				D36D973C268B59CF007AB80A /* Sources */,
				D36D973D268B59CF007AB80A /* Frameworks */,
				D36D973E268B59CF007AB80A /* Resources */,
			);
			buildRules = (
			);
			dependencies = (
				D36D9742268B59CF007AB80A /* PBXTargetDependency */,
			);
			name = MaddlynGitHubPracticeTests;
			productName = MaddlynGitHubPracticeTests;
			productReference = D36D9740268B59CF007AB80A /* MaddlynGitHubPracticeTests.xctest */;
			productType = "com.apple.product-type.bundle.unit-test";
		};
		D36D974A268B59CF007AB80A /* MaddlynGitHubPracticeUITests */ = {
			isa = PBXNativeTarget;
			buildConfigurationList = D36D975A268B59CF007AB80A /* Build configuration list for PBXNativeTarget "MaddlynGitHubPracticeUITests" */;
			buildPhases = (
				D36D9747268B59CF007AB80A /* Sources */,
				D36D9748268B59CF007AB80A /* Frameworks */,
				D36D9749268B59CF007AB80A /* Resources */,
			);
			buildRules = (
			);
			dependencies = (
				D36D974D268B59CF007AB80A /* PBXTargetDependency */,
			);
			name = MaddlynGitHubPracticeUITests;
			productName = MaddlynGitHubPracticeUITests;
			productReference = D36D974B268B59CF007AB80A /* MaddlynGitHubPracticeUITests.xctest */;
			productType = "com.apple.product-type.bundle.ui-testing";
		};
/* End PBXNativeTarget section */

/* Begin PBXProject section */
		D36D971F268B59BD007AB80A /* Project object */ = {
			isa = PBXProject;
			attributes = {
				LastSwiftUpdateCheck = 1250;
				LastUpgradeCheck = 1250;
				TargetAttributes = {
					D36D9726268B59BD007AB80A = {
						CreatedOnToolsVersion = 12.5.1;
					};
					D36D973F268B59CF007AB80A = {
						CreatedOnToolsVersion = 12.5.1;
						TestTargetID = D36D9726268B59BD007AB80A;
					};
					D36D974A268B59CF007AB80A = {
						CreatedOnToolsVersion = 12.5.1;
						TestTargetID = D36D9726268B59BD007AB80A;
					};
				};
			};
			buildConfigurationList = D36D9722268B59BD007AB80A /* Build configuration list for PBXProject "MaddlynGitHubPractice" */;
			compatibilityVersion = "Xcode 9.3";
			developmentRegion = en;
			hasScannedForEncodings = 0;
			knownRegions = (
				en,
				Base,
			);
			mainGroup = D36D971E268B59BD007AB80A;
			productRefGroup = D36D9728268B59BD007AB80A /* Products */;
			projectDirPath = "";
			projectRoot = "";
			targets = (
				D36D9726268B59BD007AB80A /* MaddlynGitHubPractice */,
				D36D973F268B59CF007AB80A /* MaddlynGitHubPracticeTests */,
				D36D974A268B59CF007AB80A /* MaddlynGitHubPracticeUITests */,
			);
		};
/* End PBXProject section */

/* Begin PBXResourcesBuildPhase section */
		D36D9725268B59BD007AB80A /* Resources */ = {
			isa = PBXResourcesBuildPhase;
			buildActionMask = 2147483647;
			files = (
				D36D973A268B59CF007AB80A /* LaunchScreen.storyboard in Resources */,
				D36D9737268B59CF007AB80A /* Assets.xcassets in Resources */,
				D36D9732268B59BD007AB80A /* Main.storyboard in Resources */,
			);
			runOnlyForDeploymentPostprocessing = 0;
		};
		D36D973E268B59CF007AB80A /* Resources */ = {
			isa = PBXResourcesBuildPhase;
			buildActionMask = 2147483647;
			files = (
			);
			runOnlyForDeploymentPostprocessing = 0;
		};
		D36D9749268B59CF007AB80A /* Resources */ = {
			isa = PBXResourcesBuildPhase;
			buildActionMask = 2147483647;
			files = (
			);
			runOnlyForDeploymentPostprocessing = 0;
		};
/* End PBXResourcesBuildPhase section */

/* Begin PBXSourcesBuildPhase section */
		D36D9723268B59BD007AB80A /* Sources */ = {
			isa = PBXSourcesBuildPhase;
			buildActionMask = 2147483647;
			files = (
				D36D972F268B59BD007AB80A /* ViewController.swift in Sources */,
				D36D9735268B59BD007AB80A /* MaddlynGitHubPractice.xcdatamodeld in Sources */,
				D36D972B268B59BD007AB80A /* AppDelegate.swift in Sources */,
				D36D972D268B59BD007AB80A /* SceneDelegate.swift in Sources */,
			);
			runOnlyForDeploymentPostprocessing = 0;
		};
		D36D973C268B59CF007AB80A /* Sources */ = {
			isa = PBXSourcesBuildPhase;
			buildActionMask = 2147483647;
			files = (
				D36D9745268B59CF007AB80A /* MaddlynGitHubPracticeTests.swift in Sources */,
			);
			runOnlyForDeploymentPostprocessing = 0;
		};
		D36D9747268B59CF007AB80A /* Sources */ = {
			isa = PBXSourcesBuildPhase;
			buildActionMask = 2147483647;
			files = (
				D36D9750268B59CF007AB80A /* MaddlynGitHubPracticeUITests.swift in Sources */,
			);
			runOnlyForDeploymentPostprocessing = 0;
		};
/* End PBXSourcesBuildPhase section */

/* Begin PBXTargetDependency section */
		D36D9742268B59CF007AB80A /* PBXTargetDependency */ = {
			isa = PBXTargetDependency;
			target = D36D9726268B59BD007AB80A /* MaddlynGitHubPractice */;
			targetProxy = D36D9741268B59CF007AB80A /* PBXContainerItemProxy */;
		};
		D36D974D268B59CF007AB80A /* PBXTargetDependency */ = {
			isa = PBXTargetDependency;
			target = D36D9726268B59BD007AB80A /* MaddlynGitHubPractice */;
			targetProxy = D36D974C268B59CF007AB80A /* PBXContainerItemProxy */;
		};
/* End PBXTargetDependency section */

/* Begin PBXVariantGroup section */
		D36D9730268B59BD007AB80A /* Main.storyboard */ = {
			isa = PBXVariantGroup;
			children = (
				D36D9731268B59BD007AB80A /* Base */,
			);
			name = Main.storyboard;
			sourceTree = "<group>";
		};
		D36D9738268B59CF007AB80A /* LaunchScreen.storyboard */ = {
			isa = PBXVariantGroup;
			children = (
				D36D9739268B59CF007AB80A /* Base */,
			);
			name = LaunchScreen.storyboard;
			sourceTree = "<group>";
		};
/* End PBXVariantGroup section */

/* Begin XCBuildConfiguration section */
		D36D9752268B59CF007AB80A /* Debug */ = {
			isa = XCBuildConfiguration;
			buildSettings = {
				ALWAYS_SEARCH_USER_PATHS = NO;
				CLANG_ANALYZER_NONNULL = YES;
				CLANG_ANALYZER_NUMBER_OBJECT_CONVERSION = YES_AGGRESSIVE;
				CLANG_CXX_LANGUAGE_STANDARD = "gnu++14";
				CLANG_CXX_LIBRARY = "libc++";
				CLANG_ENABLE_MODULES = YES;
				CLANG_ENABLE_OBJC_ARC = YES;
				CLANG_ENABLE_OBJC_WEAK = YES;
				CLANG_WARN_BLOCK_CAPTURE_AUTORELEASING = YES;
				CLANG_WARN_BOOL_CONVERSION = YES;
				CLANG_WARN_COMMA = YES;
				CLANG_WARN_CONSTANT_CONVERSION = YES;
				CLANG_WARN_DEPRECATED_OBJC_IMPLEMENTATIONS = YES;
				CLANG_WARN_DIRECT_OBJC_ISA_USAGE = YES_ERROR;
				CLANG_WARN_DOCUMENTATION_COMMENTS = YES;
				CLANG_WARN_EMPTY_BODY = YES;
				CLANG_WARN_ENUM_CONVERSION = YES;
				CLANG_WARN_INFINITE_RECURSION = YES;
				CLANG_WARN_INT_CONVERSION = YES;
				CLANG_WARN_NON_LITERAL_NULL_CONVERSION = YES;
				CLANG_WARN_OBJC_IMPLICIT_RETAIN_SELF = YES;
				CLANG_WARN_OBJC_LITERAL_CONVERSION = YES;
				CLANG_WARN_OBJC_ROOT_CLASS = YES_ERROR;
				CLANG_WARN_QUOTED_INCLUDE_IN_FRAMEWORK_HEADER = YES;
				CLANG_WARN_RANGE_LOOP_ANALYSIS = YES;
				CLANG_WARN_STRICT_PROTOTYPES = YES;
				CLANG_WARN_SUSPICIOUS_MOVE = YES;
				CLANG_WARN_UNGUARDED_AVAILABILITY = YES_AGGRESSIVE;
				CLANG_WARN_UNREACHABLE_CODE = YES;
				CLANG_WARN__DUPLICATE_METHOD_MATCH = YES;
				COPY_PHASE_STRIP = NO;
				DEBUG_INFORMATION_FORMAT = dwarf;
				ENABLE_STRICT_OBJC_MSGSEND = YES;
				ENABLE_TESTABILITY = YES;
				GCC_C_LANGUAGE_STANDARD = gnu11;
				GCC_DYNAMIC_NO_PIC = NO;
				GCC_NO_COMMON_BLOCKS = YES;
				GCC_OPTIMIZATION_LEVEL = 0;
				GCC_PREPROCESSOR_DEFINITIONS = (
					"DEBUG=1",
					"$(inherited)",
				);
				GCC_WARN_64_TO_32_BIT_CONVERSION = YES;
				GCC_WARN_ABOUT_RETURN_TYPE = YES_ERROR;
				GCC_WARN_UNDECLARED_SELECTOR = YES;
				GCC_WARN_UNINITIALIZED_AUTOS = YES_AGGRESSIVE;
				GCC_WARN_UNUSED_FUNCTION = YES;
				GCC_WARN_UNUSED_VARIABLE = YES;
				IPHONEOS_DEPLOYMENT_TARGET = 14.5;
				MTL_ENABLE_DEBUG_INFO = INCLUDE_SOURCE;
				MTL_FAST_MATH = YES;
				ONLY_ACTIVE_ARCH = YES;
				SDKROOT = iphoneos;
				SWIFT_ACTIVE_COMPILATION_CONDITIONS = DEBUG;
				SWIFT_OPTIMIZATION_LEVEL = "-Onone";
			};
			name = Debug;
		};
		D36D9753268B59CF007AB80A /* Release */ = {
			isa = XCBuildConfiguration;
			buildSettings = {
				ALWAYS_SEARCH_USER_PATHS = NO;
				CLANG_ANALYZER_NONNULL = YES;
				CLANG_ANALYZER_NUMBER_OBJECT_CONVERSION = YES_AGGRESSIVE;
				CLANG_CXX_LANGUAGE_STANDARD = "gnu++14";
				CLANG_CXX_LIBRARY = "libc++";
				CLANG_ENABLE_MODULES = YES;
				CLANG_ENABLE_OBJC_ARC = YES;
				CLANG_ENABLE_OBJC_WEAK = YES;
				CLANG_WARN_BLOCK_CAPTURE_AUTORELEASING = YES;
				CLANG_WARN_BOOL_CONVERSION = YES;
				CLANG_WARN_COMMA = YES;
				CLANG_WARN_CONSTANT_CONVERSION = YES;
				CLANG_WARN_DEPRECATED_OBJC_IMPLEMENTATIONS = YES;
				CLANG_WARN_DIRECT_OBJC_ISA_USAGE = YES_ERROR;
				CLANG_WARN_DOCUMENTATION_COMMENTS = YES;
				CLANG_WARN_EMPTY_BODY = YES;
				CLANG_WARN_ENUM_CONVERSION = YES;
				CLANG_WARN_INFINITE_RECURSION = YES;
				CLANG_WARN_INT_CONVERSION = YES;
				CLANG_WARN_NON_LITERAL_NULL_CONVERSION = YES;
				CLANG_WARN_OBJC_IMPLICIT_RETAIN_SELF = YES;
				CLANG_WARN_OBJC_LITERAL_CONVERSION = YES;
				CLANG_WARN_OBJC_ROOT_CLASS = YES_ERROR;
				CLANG_WARN_QUOTED_INCLUDE_IN_FRAMEWORK_HEADER = YES;
				CLANG_WARN_RANGE_LOOP_ANALYSIS = YES;
				CLANG_WARN_STRICT_PROTOTYPES = YES;
				CLANG_WARN_SUSPICIOUS_MOVE = YES;
				CLANG_WARN_UNGUARDED_AVAILABILITY = YES_AGGRESSIVE;
				CLANG_WARN_UNREACHABLE_CODE = YES;
				CLANG_WARN__DUPLICATE_METHOD_MATCH = YES;
				COPY_PHASE_STRIP = NO;
				DEBUG_INFORMATION_FORMAT = "dwarf-with-dsym";
				ENABLE_NS_ASSERTIONS = NO;
				ENABLE_STRICT_OBJC_MSGSEND = YES;
				GCC_C_LANGUAGE_STANDARD = gnu11;
				GCC_NO_COMMON_BLOCKS = YES;
				GCC_WARN_64_TO_32_BIT_CONVERSION = YES;
				GCC_WARN_ABOUT_RETURN_TYPE = YES_ERROR;
				GCC_WARN_UNDECLARED_SELECTOR = YES;
				GCC_WARN_UNINITIALIZED_AUTOS = YES_AGGRESSIVE;
				GCC_WARN_UNUSED_FUNCTION = YES;
				GCC_WARN_UNUSED_VARIABLE = YES;
				IPHONEOS_DEPLOYMENT_TARGET = 14.5;
				MTL_ENABLE_DEBUG_INFO = NO;
				MTL_FAST_MATH = YES;
				SDKROOT = iphoneos;
				SWIFT_COMPILATION_MODE = wholemodule;
				SWIFT_OPTIMIZATION_LEVEL = "-O";
				VALIDATE_PRODUCT = YES;
			};
			name = Release;
		};
		D36D9755268B59CF007AB80A /* Debug */ = {
			isa = XCBuildConfiguration;
			buildSettings = {
				ASSETCATALOG_COMPILER_APPICON_NAME = AppIcon;
				ASSETCATALOG_COMPILER_GLOBAL_ACCENT_COLOR_NAME = AccentColor;
				CODE_SIGN_STYLE = Automatic;
				INFOPLIST_FILE = MaddlynGitHubPractice/Info.plist;
				LD_RUNPATH_SEARCH_PATHS = (
					"$(inherited)",
					"@executable_path/Frameworks",
				);
				PRODUCT_BUNDLE_IDENTIFIER = Test.MaddlynGitHubPractice;
				PRODUCT_NAME = "$(TARGET_NAME)";
				SWIFT_VERSION = 5.0;
				TARGETED_DEVICE_FAMILY = "1,2";
			};
			name = Debug;
		};
		D36D9756268B59CF007AB80A /* Release */ = {
			isa = XCBuildConfiguration;
			buildSettings = {
				ASSETCATALOG_COMPILER_APPICON_NAME = AppIcon;
				ASSETCATALOG_COMPILER_GLOBAL_ACCENT_COLOR_NAME = AccentColor;
				CODE_SIGN_STYLE = Automatic;
				INFOPLIST_FILE = MaddlynGitHubPractice/Info.plist;
				LD_RUNPATH_SEARCH_PATHS = (
					"$(inherited)",
					"@executable_path/Frameworks",
				);
				PRODUCT_BUNDLE_IDENTIFIER = Test.MaddlynGitHubPractice;
				PRODUCT_NAME = "$(TARGET_NAME)";
				SWIFT_VERSION = 5.0;
				TARGETED_DEVICE_FAMILY = "1,2";
			};
			name = Release;
		};
		D36D9758268B59CF007AB80A /* Debug */ = {
			isa = XCBuildConfiguration;
			buildSettings = {
				ALWAYS_EMBED_SWIFT_STANDARD_LIBRARIES = YES;
				BUNDLE_LOADER = "$(TEST_HOST)";
				CODE_SIGN_STYLE = Automatic;
				INFOPLIST_FILE = MaddlynGitHubPracticeTests/Info.plist;
				IPHONEOS_DEPLOYMENT_TARGET = 14.5;
				LD_RUNPATH_SEARCH_PATHS = (
					"$(inherited)",
					"@executable_path/Frameworks",
					"@loader_path/Frameworks",
				);
				PRODUCT_BUNDLE_IDENTIFIER = Test.MaddlynGitHubPracticeTests;
				PRODUCT_NAME = "$(TARGET_NAME)";
				SWIFT_VERSION = 5.0;
				TARGETED_DEVICE_FAMILY = "1,2";
				TEST_HOST = "$(BUILT_PRODUCTS_DIR)/MaddlynGitHubPractice.app/MaddlynGitHubPractice";
			};
			name = Debug;
		};
		D36D9759268B59CF007AB80A /* Release */ = {
			isa = XCBuildConfiguration;
			buildSettings = {
				ALWAYS_EMBED_SWIFT_STANDARD_LIBRARIES = YES;
				BUNDLE_LOADER = "$(TEST_HOST)";
				CODE_SIGN_STYLE = Automatic;
				INFOPLIST_FILE = MaddlynGitHubPracticeTests/Info.plist;
				IPHONEOS_DEPLOYMENT_TARGET = 14.5;
				LD_RUNPATH_SEARCH_PATHS = (
					"$(inherited)",
					"@executable_path/Frameworks",
					"@loader_path/Frameworks",
				);
				PRODUCT_BUNDLE_IDENTIFIER = Test.MaddlynGitHubPracticeTests;
				PRODUCT_NAME = "$(TARGET_NAME)";
				SWIFT_VERSION = 5.0;
				TARGETED_DEVICE_FAMILY = "1,2";
				TEST_HOST = "$(BUILT_PRODUCTS_DIR)/MaddlynGitHubPractice.app/MaddlynGitHubPractice";
			};
			name = Release;
		};
		D36D975B268B59CF007AB80A /* Debug */ = {
			isa = XCBuildConfiguration;
			buildSettings = {
				ALWAYS_EMBED_SWIFT_STANDARD_LIBRARIES = YES;
				CODE_SIGN_STYLE = Automatic;
				INFOPLIST_FILE = MaddlynGitHubPracticeUITests/Info.plist;
				LD_RUNPATH_SEARCH_PATHS = (
					"$(inherited)",
					"@executable_path/Frameworks",
					"@loader_path/Frameworks",
				);
				PRODUCT_BUNDLE_IDENTIFIER = Test.MaddlynGitHubPracticeUITests;
				PRODUCT_NAME = "$(TARGET_NAME)";
				SWIFT_VERSION = 5.0;
				TARGETED_DEVICE_FAMILY = "1,2";
				TEST_TARGET_NAME = MaddlynGitHubPractice;
			};
			name = Debug;
		};
		D36D975C268B59CF007AB80A /* Release */ = {
			isa = XCBuildConfiguration;
			buildSettings = {
				ALWAYS_EMBED_SWIFT_STANDARD_LIBRARIES = YES;
				CODE_SIGN_STYLE = Automatic;
				INFOPLIST_FILE = MaddlynGitHubPracticeUITests/Info.plist;
				LD_RUNPATH_SEARCH_PATHS = (
					"$(inherited)",
					"@executable_path/Frameworks",
					"@loader_path/Frameworks",
				);
				PRODUCT_BUNDLE_IDENTIFIER = Test.MaddlynGitHubPracticeUITests;
				PRODUCT_NAME = "$(TARGET_NAME)";
				SWIFT_VERSION = 5.0;
				TARGETED_DEVICE_FAMILY = "1,2";
				TEST_TARGET_NAME = MaddlynGitHubPractice;
			};
			name = Release;
		};
/* End XCBuildConfiguration section */

/* Begin XCConfigurationList section */
		D36D9722268B59BD007AB80A /* Build configuration list for PBXProject "MaddlynGitHubPractice" */ = {
			isa = XCConfigurationList;
			buildConfigurations = (
				D36D9752268B59CF007AB80A /* Debug */,
				D36D9753268B59CF007AB80A /* Release */,
			);
			defaultConfigurationIsVisible = 0;
			defaultConfigurationName = Release;
		};
		D36D9754268B59CF007AB80A /* Build configuration list for PBXNativeTarget "MaddlynGitHubPractice" */ = {
			isa = XCConfigurationList;
			buildConfigurations = (
				D36D9755268B59CF007AB80A /* Debug */,
				D36D9756268B59CF007AB80A /* Release */,
			);
			defaultConfigurationIsVisible = 0;
			defaultConfigurationName = Release;
		};
		D36D9757268B59CF007AB80A /* Build configuration list for PBXNativeTarget "MaddlynGitHubPracticeTests" */ = {
			isa = XCConfigurationList;
			buildConfigurations = (
				D36D9758268B59CF007AB80A /* Debug */,
				D36D9759268B59CF007AB80A /* Release */,
			);
			defaultConfigurationIsVisible = 0;
			defaultConfigurationName = Release;
		};
		D36D975A268B59CF007AB80A /* Build configuration list for PBXNativeTarget "MaddlynGitHubPracticeUITests" */ = {
			isa = XCConfigurationList;
			buildConfigurations = (
				D36D975B268B59CF007AB80A /* Debug */,
				D36D975C268B59CF007AB80A /* Release */,
			);
			defaultConfigurationIsVisible = 0;
			defaultConfigurationName = Release;
		};
/* End XCConfigurationList section */

/* Begin XCVersionGroup section */
		D36D9733268B59BD007AB80A /* MaddlynGitHubPractice.xcdatamodeld */ = {
			isa = XCVersionGroup;
			children = (
				D36D9734268B59BD007AB80A /* MaddlynGitHubPractice.xcdatamodel */,
			);
			currentVersion = D36D9734268B59BD007AB80A /* MaddlynGitHubPractice.xcdatamodel */;
			path = MaddlynGitHubPractice.xcdatamodeld;
			sourceTree = "<group>";
			versionGroupType = wrapper.xcdatamodel;
		};
/* End XCVersionGroup section */
	};
	rootObject = D36D971F268B59BD007AB80A /* Project object */;
}
